
Microsoft Visual Studio Solution File, Format Version 12.00
# Visual Studio 14
VisualStudioVersion = 14.0.25420.1
MinimumVisualStudioVersion = 10.0.40219.1
Project("{2150E333-8FDC-42A3-9474-1A3956D46DE8}") = "aspnetcoremvcmysqlef", "aspnetcoremvcmysqlef", "{4E7E2AED-CED8-40BF-B110-772553ACFF90}"
EndProject
Project("{2150E333-8FDC-42A3-9474-1A3956D46DE8}") = "Solution Items", "Solution Items", "{47EA01F3-66D4-48A7-BEFA-B7E1C1BE73DF}"
	ProjectSection(SolutionItems) = preProject
		global.json = global.json
	EndProjectSection
EndProject
Project("{8BB2217D-0F2D-49D1-97BC-3654ED321F3B}") = "aspnetcoremvcmysqlef", "aspnetcoremvcmysqlef\aspnet_core_ef_mysql_1.xproj", "{246332D1-E6B0-4CBB-A6E1-5913B8FEAFA8}"
EndProject
Global
	GlobalSection(SolutionConfigurationPlatforms) = preSolution
		Debug|Any CPU = Debug|Any CPU
		Release|Any CPU = Release|Any CPU
	EndGlobalSection
	GlobalSection(ProjectConfigurationPlatforms) = postSolution
		{246332D1-E6B0-4CBB-A6E1-5913B8FEAFA8}.Debug|Any CPU.ActiveCfg = Debug|Any CPU
		{246332D1-E6B0-4CBB-A6E1-5913B8FEAFA8}.Debug|Any CPU.Build.0 = Debug|Any CPU
		{246332D1-E6B0-4CBB-A6E1-5913B8FEAFA8}.Release|Any CPU.ActiveCfg = Release|Any CPU
		{246332D1-E6B0-4CBB-A6E1-5913B8FEAFA8}.Release|Any CPU.Build.0 = Release|Any CPU
	EndGlobalSection
	GlobalSection(SolutionProperties) = preSolution
		HideSolutionNode = FALSE
	EndGlobalSection
	GlobalSection(NestedProjects) = preSolution
		{246332D1-E6B0-4CBB-A6E1-5913B8FEAFA8} = {4E7E2AED-CED8-40BF-B110-772553ACFF90}
	EndGlobalSection
EndGlobal
